
Microsoft Visual Studio Solution File, Format Version 12.00
# Visual Studio Version 17
VisualStudioVersion = 17.9.34728.123
MinimumVisualStudioVersion = 10.0.40219.1
Project("{9A19103F-16F7-4668-BE54-9A1E7A4F7556}") = "Communication", "Communication.csproj", "{570938C9-A62E-415C-BA3E-9FCD8FD149CF}"
EndProject
Project("{FAE04EC0-301F-11D3-BF4B-00C04F79EFBC}") = "CommunicationTest", "..\CommunicationTest\CommunicationTest.csproj", "{52C88160-13BC-4FE4-9442-2A28FED7EF65}"
EndProject
Global
	GlobalSection(SolutionConfigurationPlatforms) = preSolution
		Debug|Any CPU = Debug|Any CPU
		Release|Any CPU = Release|Any CPU
	EndGlobalSection
	GlobalSection(ProjectConfigurationPlatforms) = postSolution
		{570938C9-A62E-415C-BA3E-9FCD8FD149CF}.Debug|Any CPU.ActiveCfg = Debug|Any CPU
		{570938C9-A62E-415C-BA3E-9FCD8FD149CF}.Debug|Any CPU.Build.0 = Debug|Any CPU
		{570938C9-A62E-415C-BA3E-9FCD8FD149CF}.Release|Any CPU.ActiveCfg = Release|Any CPU
		{570938C9-A62E-415C-BA3E-9FCD8FD149CF}.Release|Any CPU.Build.0 = Release|Any CPU
		{52C88160-13BC-4FE4-9442-2A28FED7EF65}.Debug|Any CPU.ActiveCfg = Debug|Any CPU
		{52C88160-13BC-4FE4-9442-2A28FED7EF65}.Debug|Any CPU.Build.0 = Debug|Any CPU
		{52C88160-13BC-4FE4-9442-2A28FED7EF65}.Release|Any CPU.ActiveCfg = Release|Any CPU
		{52C88160-13BC-4FE4-9442-2A28FED7EF65}.Release|Any CPU.Build.0 = Release|Any CPU
	EndGlobalSection
	GlobalSection(SolutionProperties) = preSolution
		HideSolutionNode = FALSE
	EndGlobalSection
	GlobalSection(ExtensibilityGlobals) = postSolution
		SolutionGuid = {9102B10F-4CA6-4630-984B-FEC60E2A9B1D}
	EndGlobalSection
EndGlobal
